
Microsoft Visual Studio Solution File, Format Version 12.00
# Visual Studio 15
VisualStudioVersion = 15.0.27703.2035
MinimumVisualStudioVersion = 10.0.40219.1
Project("{FAE04EC0-301F-11D3-BF4B-00C04F79EFBC}") = "Client", "Client\Client.csproj", "{CF10E6B9-5558-4EFC-9782-220C61FA3C6C}"
EndProject
Project("{9A19103F-16F7-4668-BE54-9A1E7A4F7556}") = "Entity", "Entity\Entity.csproj", "{CCB8F3B3-7B70-4B2D-8A54-38649B155122}"
EndProject
Global
	GlobalSection(SolutionConfigurationPlatforms) = preSolution
		Debug|Any CPU = Debug|Any CPU
		Release|Any CPU = Release|Any CPU
	EndGlobalSection
	GlobalSection(ProjectConfigurationPlatforms) = postSolution
		{CF10E6B9-5558-4EFC-9782-220C61FA3C6C}.Debug|Any CPU.ActiveCfg = Debug|Any CPU
		{CF10E6B9-5558-4EFC-9782-220C61FA3C6C}.Debug|Any CPU.Build.0 = Debug|Any CPU
		{CF10E6B9-5558-4EFC-9782-220C61FA3C6C}.Release|Any CPU.ActiveCfg = Release|Any CPU
		{CF10E6B9-5558-4EFC-9782-220C61FA3C6C}.Release|Any CPU.Build.0 = Release|Any CPU
		{CCB8F3B3-7B70-4B2D-8A54-38649B155122}.Debug|Any CPU.ActiveCfg = Debug|Any CPU
		{CCB8F3B3-7B70-4B2D-8A54-38649B155122}.Debug|Any CPU.Build.0 = Debug|Any CPU
		{CCB8F3B3-7B70-4B2D-8A54-38649B155122}.Release|Any CPU.ActiveCfg = Release|Any CPU
		{CCB8F3B3-7B70-4B2D-8A54-38649B155122}.Release|Any CPU.Build.0 = Release|Any CPU
	EndGlobalSection
	GlobalSection(SolutionProperties) = preSolution
		HideSolutionNode = FALSE
	EndGlobalSection
	GlobalSection(ExtensibilityGlobals) = postSolution
		SolutionGuid = {EF042D13-AE12-40DA-8C3E-99CA5AF277A1}
	EndGlobalSection
EndGlobal
